// !$*UTF8*$!
{
	archiveVersion = 1;
	classes = {
	};
	objectVersion = 56;
	objects = {

/* Begin PBXBuildFile section */
		B866E8B32AB087F000A0A5EB /* Constants.swift in Sources */ = {isa = PBXBuildFile; fileRef = B866E8B22AB087F000A0A5EB /* Constants.swift */; };
		B908B2922AB331920061F857 /* BaseController.swift in Sources */ = {isa = PBXBuildFile; fileRef = B908B2912AB331920061F857 /* BaseController.swift */; };
		B908B2942AB332770061F857 /* RegisterView.swift in Sources */ = {isa = PBXBuildFile; fileRef = B908B2932AB332770061F857 /* RegisterView.swift */; };
		B913DF052AAF4DB100A41519 /* AppDelegate.swift in Sources */ = {isa = PBXBuildFile; fileRef = B913DF042AAF4DB100A41519 /* AppDelegate.swift */; };
		B913DF072AAF4DB100A41519 /* SceneDelegate.swift in Sources */ = {isa = PBXBuildFile; fileRef = B913DF062AAF4DB100A41519 /* SceneDelegate.swift */; };
		B913DF0E2AAF4DB200A41519 /* Assets.xcassets in Resources */ = {isa = PBXBuildFile; fileRef = B913DF0D2AAF4DB200A41519 /* Assets.xcassets */; };
		B913DF112AAF4DB200A41519 /* LaunchScreen.storyboard in Resources */ = {isa = PBXBuildFile; fileRef = B913DF0F2AAF4DB200A41519 /* LaunchScreen.storyboard */; };
		B913DF192AAF4FCC00A41519 /* RegisterVC.swift in Sources */ = {isa = PBXBuildFile; fileRef = B913DF182AAF4FCC00A41519 /* RegisterVC.swift */; };
		B913DF1C2AAF534000A41519 /* SnapKit-Dynamic in Frameworks */ = {isa = PBXBuildFile; productRef = B913DF1B2AAF534000A41519 /* SnapKit-Dynamic */; };
		B913DF1E2AAF69F000A41519 /* AuthTextField.swift in Sources */ = {isa = PBXBuildFile; fileRef = B913DF1D2AAF69F000A41519 /* AuthTextField.swift */; };
		B9A4A6862AB4F2B400C62E99 /* GoogleService-Info.plist in Resources */ = {isa = PBXBuildFile; fileRef = B9A4A6852AB4F2B400C62E99 /* GoogleService-Info.plist */; };
		B9A4A6892AB4F58600C62E99 /* FirebaseAuth in Frameworks */ = {isa = PBXBuildFile; productRef = B9A4A6882AB4F58600C62E99 /* FirebaseAuth */; };
		B9A4A68C2AB5BE0D00C62E99 /* HomeVC.swift in Sources */ = {isa = PBXBuildFile; fileRef = B9A4A68B2AB5BE0D00C62E99 /* HomeVC.swift */; };
		B9A4A68F2AB5CE2800C62E99 /* AuthManager.swift in Sources */ = {isa = PBXBuildFile; fileRef = B9A4A68E2AB5CE2800C62E99 /* AuthManager.swift */; };
/* End PBXBuildFile section */

/* Begin PBXFileReference section */
		B866E8B22AB087F000A0A5EB /* Constants.swift */ = {isa = PBXFileReference; lastKnownFileType = sourcecode.swift; path = Constants.swift; sourceTree = "<group>"; };
		B908B2912AB331920061F857 /* BaseController.swift */ = {isa = PBXFileReference; lastKnownFileType = sourcecode.swift; path = BaseController.swift; sourceTree = "<group>"; };
		B908B2932AB332770061F857 /* RegisterView.swift */ = {isa = PBXFileReference; lastKnownFileType = sourcecode.swift; path = RegisterView.swift; sourceTree = "<group>"; };
		B913DF012AAF4DB100A41519 /* Shelves.app */ = {isa = PBXFileReference; explicitFileType = wrapper.application; includeInIndex = 0; path = Shelves.app; sourceTree = BUILT_PRODUCTS_DIR; };
		B913DF042AAF4DB100A41519 /* AppDelegate.swift */ = {isa = PBXFileReference; lastKnownFileType = sourcecode.swift; path = AppDelegate.swift; sourceTree = "<group>"; };
		B913DF062AAF4DB100A41519 /* SceneDelegate.swift */ = {isa = PBXFileReference; lastKnownFileType = sourcecode.swift; path = SceneDelegate.swift; sourceTree = "<group>"; };
		B913DF0D2AAF4DB200A41519 /* Assets.xcassets */ = {isa = PBXFileReference; lastKnownFileType = folder.assetcatalog; path = Assets.xcassets; sourceTree = "<group>"; };
		B913DF102AAF4DB200A41519 /* Base */ = {isa = PBXFileReference; lastKnownFileType = file.storyboard; name = Base; path = Base.lproj/LaunchScreen.storyboard; sourceTree = "<group>"; };
		B913DF122AAF4DB200A41519 /* Info.plist */ = {isa = PBXFileReference; lastKnownFileType = text.plist.xml; path = Info.plist; sourceTree = "<group>"; };
		B913DF182AAF4FCC00A41519 /* RegisterVC.swift */ = {isa = PBXFileReference; lastKnownFileType = sourcecode.swift; path = RegisterVC.swift; sourceTree = "<group>"; };
		B913DF1D2AAF69F000A41519 /* AuthTextField.swift */ = {isa = PBXFileReference; lastKnownFileType = sourcecode.swift; path = AuthTextField.swift; sourceTree = "<group>"; };
		B9A4A6852AB4F2B400C62E99 /* GoogleService-Info.plist */ = {isa = PBXFileReference; fileEncoding = 4; lastKnownFileType = text.plist.xml; path = "GoogleService-Info.plist"; sourceTree = "<group>"; };
		B9A4A68B2AB5BE0D00C62E99 /* HomeVC.swift */ = {isa = PBXFileReference; lastKnownFileType = sourcecode.swift; path = HomeVC.swift; sourceTree = "<group>"; };
		B9A4A68E2AB5CE2800C62E99 /* AuthManager.swift */ = {isa = PBXFileReference; lastKnownFileType = sourcecode.swift; path = AuthManager.swift; sourceTree = "<group>"; };
/* End PBXFileReference section */

/* Begin PBXFrameworksBuildPhase section */
		B913DEFE2AAF4DB100A41519 /* Frameworks */ = {
			isa = PBXFrameworksBuildPhase;
			buildActionMask = 2147483647;
			files = (
				B913DF1C2AAF534000A41519 /* SnapKit-Dynamic in Frameworks */,
				B9A4A6892AB4F58600C62E99 /* FirebaseAuth in Frameworks */,
			);
			runOnlyForDeploymentPostprocessing = 0;
		};
/* End PBXFrameworksBuildPhase section */

/* Begin PBXGroup section */
		B908B2952AB33B5E0061F857 /* Sources */ = {
			isa = PBXGroup;
			children = (
				B908B2992AB33BED0061F857 /* Application */,
				B908B2982AB33BE60061F857 /* Modules */,
				B908B2972AB33BDC0061F857 /* Views */,
				B9A4A68D2AB5CDF100C62E99 /* Managers */,
			);
			path = Sources;
			sourceTree = "<group>";
		};
		B908B2962AB33B720061F857 /* Resources */ = {
			isa = PBXGroup;
			children = (
				B866E8B22AB087F000A0A5EB /* Constants.swift */,
				B913DF0D2AAF4DB200A41519 /* Assets.xcassets */,
				B913DF0F2AAF4DB200A41519 /* LaunchScreen.storyboard */,
			);
			path = Resources;
			sourceTree = "<group>";
		};
		B908B2972AB33BDC0061F857 /* Views */ = {
			isa = PBXGroup;
			children = (
				B913DF1D2AAF69F000A41519 /* AuthTextField.swift */,
				B908B2912AB331920061F857 /* BaseController.swift */,
			);
			path = Views;
			sourceTree = "<group>";
		};
		B908B2982AB33BE60061F857 /* Modules */ = {
			isa = PBXGroup;
			children = (
				B908B29A2AB33C200061F857 /* Register */,
				B9A4A68A2AB5BDDB00C62E99 /* Home */,
			);
			path = Modules;
			sourceTree = "<group>";
		};
		B908B2992AB33BED0061F857 /* Application */ = {
			isa = PBXGroup;
			children = (
				B913DF042AAF4DB100A41519 /* AppDelegate.swift */,
				B913DF062AAF4DB100A41519 /* SceneDelegate.swift */,
			);
			path = Application;
			sourceTree = "<group>";
		};
		B908B29A2AB33C200061F857 /* Register */ = {
			isa = PBXGroup;
			children = (
				B908B2932AB332770061F857 /* RegisterView.swift */,
				B913DF182AAF4FCC00A41519 /* RegisterVC.swift */,
			);
			path = Register;
			sourceTree = "<group>";
		};
		B913DEF82AAF4DB100A41519 = {
			isa = PBXGroup;
			children = (
				B913DF032AAF4DB100A41519 /* Shelves */,
				B913DF022AAF4DB100A41519 /* Products */,
			);
			sourceTree = "<group>";
		};
		B913DF022AAF4DB100A41519 /* Products */ = {
			isa = PBXGroup;
			children = (
				B913DF012AAF4DB100A41519 /* Shelves.app */,
			);
			name = Products;
			sourceTree = "<group>";
		};
		B913DF032AAF4DB100A41519 /* Shelves */ = {
			isa = PBXGroup;
			children = (
				B908B2952AB33B5E0061F857 /* Sources */,
				B908B2962AB33B720061F857 /* Resources */,
				B913DF122AAF4DB200A41519 /* Info.plist */,
				B9A4A6852AB4F2B400C62E99 /* GoogleService-Info.plist */,
			);
			path = Shelves;
			sourceTree = "<group>";
		};
		B9A4A68A2AB5BDDB00C62E99 /* Home */ = {
			isa = PBXGroup;
			children = (
				B9A4A68B2AB5BE0D00C62E99 /* HomeVC.swift */,
			);
			path = Home;
			sourceTree = "<group>";
		};
		B9A4A68D2AB5CDF100C62E99 /* Managers */ = {
			isa = PBXGroup;
			children = (
				B9A4A68E2AB5CE2800C62E99 /* AuthManager.swift */,
			);
			path = Managers;
			sourceTree = "<group>";
		};
/* End PBXGroup section */

/* Begin PBXNativeTarget section */
		B913DF002AAF4DB100A41519 /* Shelves */ = {
			isa = PBXNativeTarget;
			buildConfigurationList = B913DF152AAF4DB200A41519 /* Build configuration list for PBXNativeTarget "Shelves" */;
			buildPhases = (
				B913DEFD2AAF4DB100A41519 /* Sources */,
				B913DEFE2AAF4DB100A41519 /* Frameworks */,
				B913DEFF2AAF4DB100A41519 /* Resources */,
			);
			buildRules = (
			);
			dependencies = (
			);
			name = Shelves;
			packageProductDependencies = (
				B913DF1B2AAF534000A41519 /* SnapKit-Dynamic */,
				B9A4A6882AB4F58600C62E99 /* FirebaseAuth */,
			);
			productName = Shelves;
			productReference = B913DF012AAF4DB100A41519 /* Shelves.app */;
			productType = "com.apple.product-type.application";
		};
/* End PBXNativeTarget section */

/* Begin PBXProject section */
		B913DEF92AAF4DB100A41519 /* Project object */ = {
			isa = PBXProject;
			attributes = {
				BuildIndependentTargetsInParallel = 1;
				LastSwiftUpdateCheck = 1430;
				LastUpgradeCheck = 1430;
				TargetAttributes = {
					B913DF002AAF4DB100A41519 = {
						CreatedOnToolsVersion = 14.3;
					};
				};
			};
			buildConfigurationList = B913DEFC2AAF4DB100A41519 /* Build configuration list for PBXProject "Shelves" */;
			compatibilityVersion = "Xcode 14.0";
			developmentRegion = en;
			hasScannedForEncodings = 0;
			knownRegions = (
				en,
				Base,
			);
			mainGroup = B913DEF82AAF4DB100A41519;
			packageReferences = (
				B913DF1A2AAF534000A41519 /* XCRemoteSwiftPackageReference "SnapKit" */,
				B9A4A6872AB4F58500C62E99 /* XCRemoteSwiftPackageReference "firebase-ios-sdk" */,
			);
			productRefGroup = B913DF022AAF4DB100A41519 /* Products */;
			projectDirPath = "";
			projectRoot = "";
			targets = (
				B913DF002AAF4DB100A41519 /* Shelves */,
			);
		};
/* End PBXProject section */

/* Begin PBXResourcesBuildPhase section */
		B913DEFF2AAF4DB100A41519 /* Resources */ = {
			isa = PBXResourcesBuildPhase;
			buildActionMask = 2147483647;
			files = (
				B913DF112AAF4DB200A41519 /* LaunchScreen.storyboard in Resources */,
				B913DF0E2AAF4DB200A41519 /* Assets.xcassets in Resources */,
				B9A4A6862AB4F2B400C62E99 /* GoogleService-Info.plist in Resources */,
			);
			runOnlyForDeploymentPostprocessing = 0;
		};
/* End PBXResourcesBuildPhase section */

/* Begin PBXSourcesBuildPhase section */
		B913DEFD2AAF4DB100A41519 /* Sources */ = {
			isa = PBXSourcesBuildPhase;
			buildActionMask = 2147483647;
			files = (
				B908B2942AB332770061F857 /* RegisterView.swift in Sources */,
				B9A4A68F2AB5CE2800C62E99 /* AuthManager.swift in Sources */,
				B9A4A68C2AB5BE0D00C62E99 /* HomeVC.swift in Sources */,
				B866E8B32AB087F000A0A5EB /* Constants.swift in Sources */,
				B913DF192AAF4FCC00A41519 /* RegisterVC.swift in Sources */,
				B913DF1E2AAF69F000A41519 /* AuthTextField.swift in Sources */,
				B913DF052AAF4DB100A41519 /* AppDelegate.swift in Sources */,
				B908B2922AB331920061F857 /* BaseController.swift in Sources */,
				B913DF072AAF4DB100A41519 /* SceneDelegate.swift in Sources */,
			);
			runOnlyForDeploymentPostprocessing = 0;
		};
/* End PBXSourcesBuildPhase section */

/* Begin PBXVariantGroup section */
		B913DF0F2AAF4DB200A41519 /* LaunchScreen.storyboard */ = {
			isa = PBXVariantGroup;
			children = (
				B913DF102AAF4DB200A41519 /* Base */,
			);
			name = LaunchScreen.storyboard;
			sourceTree = "<group>";
		};
/* End PBXVariantGroup section */

/* Begin XCBuildConfiguration section */
		B913DF132AAF4DB200A41519 /* Debug */ = {
			isa = XCBuildConfiguration;
			buildSettings = {
				ALWAYS_SEARCH_USER_PATHS = NO;
				CLANG_ANALYZER_NONNULL = YES;
				CLANG_ANALYZER_NUMBER_OBJECT_CONVERSION = YES_AGGRESSIVE;
				CLANG_CXX_LANGUAGE_STANDARD = "gnu++20";
				CLANG_ENABLE_MODULES = YES;
				CLANG_ENABLE_OBJC_ARC = YES;
				CLANG_ENABLE_OBJC_WEAK = YES;
				CLANG_WARN_BLOCK_CAPTURE_AUTORELEASING = YES;
				CLANG_WARN_BOOL_CONVERSION = YES;
				CLANG_WARN_COMMA = YES;
				CLANG_WARN_CONSTANT_CONVERSION = YES;
				CLANG_WARN_DEPRECATED_OBJC_IMPLEMENTATIONS = YES;
				CLANG_WARN_DIRECT_OBJC_ISA_USAGE = YES_ERROR;
				CLANG_WARN_DOCUMENTATION_COMMENTS = YES;
				CLANG_WARN_EMPTY_BODY = YES;
				CLANG_WARN_ENUM_CONVERSION = YES;
				CLANG_WARN_INFINITE_RECURSION = YES;
				CLANG_WARN_INT_CONVERSION = YES;
				CLANG_WARN_NON_LITERAL_NULL_CONVERSION = YES;
				CLANG_WARN_OBJC_IMPLICIT_RETAIN_SELF = YES;
				CLANG_WARN_OBJC_LITERAL_CONVERSION = YES;
				CLANG_WARN_OBJC_ROOT_CLASS = YES_ERROR;
				CLANG_WARN_QUOTED_INCLUDE_IN_FRAMEWORK_HEADER = YES;
				CLANG_WARN_RANGE_LOOP_ANALYSIS = YES;
				CLANG_WARN_STRICT_PROTOTYPES = YES;
				CLANG_WARN_SUSPICIOUS_MOVE = YES;
				CLANG_WARN_UNGUARDED_AVAILABILITY = YES_AGGRESSIVE;
				CLANG_WARN_UNREACHABLE_CODE = YES;
				CLANG_WARN__DUPLICATE_METHOD_MATCH = YES;
				COPY_PHASE_STRIP = NO;
				DEBUG_INFORMATION_FORMAT = dwarf;
				ENABLE_STRICT_OBJC_MSGSEND = YES;
				ENABLE_TESTABILITY = YES;
				GCC_C_LANGUAGE_STANDARD = gnu11;
				GCC_DYNAMIC_NO_PIC = NO;
				GCC_NO_COMMON_BLOCKS = YES;
				GCC_OPTIMIZATION_LEVEL = 0;
				GCC_PREPROCESSOR_DEFINITIONS = (
					"DEBUG=1",
					"$(inherited)",
				);
				GCC_WARN_64_TO_32_BIT_CONVERSION = YES;
				GCC_WARN_ABOUT_RETURN_TYPE = YES_ERROR;
				GCC_WARN_UNDECLARED_SELECTOR = YES;
				GCC_WARN_UNINITIALIZED_AUTOS = YES_AGGRESSIVE;
				GCC_WARN_UNUSED_FUNCTION = YES;
				GCC_WARN_UNUSED_VARIABLE = YES;
				IPHONEOS_DEPLOYMENT_TARGET = 16.4;
				MTL_ENABLE_DEBUG_INFO = INCLUDE_SOURCE;
				MTL_FAST_MATH = YES;
				ONLY_ACTIVE_ARCH = YES;
				SDKROOT = iphoneos;
				SWIFT_ACTIVE_COMPILATION_CONDITIONS = DEBUG;
				SWIFT_OPTIMIZATION_LEVEL = "-Onone";
			};
			name = Debug;
		};
		B913DF142AAF4DB200A41519 /* Release */ = {
			isa = XCBuildConfiguration;
			buildSettings = {
				ALWAYS_SEARCH_USER_PATHS = NO;
				CLANG_ANALYZER_NONNULL = YES;
				CLANG_ANALYZER_NUMBER_OBJECT_CONVERSION = YES_AGGRESSIVE;
				CLANG_CXX_LANGUAGE_STANDARD = "gnu++20";
				CLANG_ENABLE_MODULES = YES;
				CLANG_ENABLE_OBJC_ARC = YES;
				CLANG_ENABLE_OBJC_WEAK = YES;
				CLANG_WARN_BLOCK_CAPTURE_AUTORELEASING = YES;
				CLANG_WARN_BOOL_CONVERSION = YES;
				CLANG_WARN_COMMA = YES;
				CLANG_WARN_CONSTANT_CONVERSION = YES;
				CLANG_WARN_DEPRECATED_OBJC_IMPLEMENTATIONS = YES;
				CLANG_WARN_DIRECT_OBJC_ISA_USAGE = YES_ERROR;
				CLANG_WARN_DOCUMENTATION_COMMENTS = YES;
				CLANG_WARN_EMPTY_BODY = YES;
				CLANG_WARN_ENUM_CONVERSION = YES;
				CLANG_WARN_INFINITE_RECURSION = YES;
				CLANG_WARN_INT_CONVERSION = YES;
				CLANG_WARN_NON_LITERAL_NULL_CONVERSION = YES;
				CLANG_WARN_OBJC_IMPLICIT_RETAIN_SELF = YES;
				CLANG_WARN_OBJC_LITERAL_CONVERSION = YES;
				CLANG_WARN_OBJC_ROOT_CLASS = YES_ERROR;
				CLANG_WARN_QUOTED_INCLUDE_IN_FRAMEWORK_HEADER = YES;
				CLANG_WARN_RANGE_LOOP_ANALYSIS = YES;
				CLANG_WARN_STRICT_PROTOTYPES = YES;
				CLANG_WARN_SUSPICIOUS_MOVE = YES;
				CLANG_WARN_UNGUARDED_AVAILABILITY = YES_AGGRESSIVE;
				CLANG_WARN_UNREACHABLE_CODE = YES;
				CLANG_WARN__DUPLICATE_METHOD_MATCH = YES;
				COPY_PHASE_STRIP = NO;
				DEBUG_INFORMATION_FORMAT = "dwarf-with-dsym";
				ENABLE_NS_ASSERTIONS = NO;
				ENABLE_STRICT_OBJC_MSGSEND = YES;
				GCC_C_LANGUAGE_STANDARD = gnu11;
				GCC_NO_COMMON_BLOCKS = YES;
				GCC_WARN_64_TO_32_BIT_CONVERSION = YES;
				GCC_WARN_ABOUT_RETURN_TYPE = YES_ERROR;
				GCC_WARN_UNDECLARED_SELECTOR = YES;
				GCC_WARN_UNINITIALIZED_AUTOS = YES_AGGRESSIVE;
				GCC_WARN_UNUSED_FUNCTION = YES;
				GCC_WARN_UNUSED_VARIABLE = YES;
				IPHONEOS_DEPLOYMENT_TARGET = 16.4;
				MTL_ENABLE_DEBUG_INFO = NO;
				MTL_FAST_MATH = YES;
				SDKROOT = iphoneos;
				SWIFT_COMPILATION_MODE = wholemodule;
				SWIFT_OPTIMIZATION_LEVEL = "-O";
				VALIDATE_PRODUCT = YES;
			};
			name = Release;
		};
		B913DF162AAF4DB200A41519 /* Debug */ = {
			isa = XCBuildConfiguration;
			buildSettings = {
				ASSETCATALOG_COMPILER_APPICON_NAME = AppIcon;
				ASSETCATALOG_COMPILER_GLOBAL_ACCENT_COLOR_NAME = AccentColor;
				CODE_SIGN_STYLE = Automatic;
				CURRENT_PROJECT_VERSION = 1;
				DEVELOPMENT_TEAM = "";
				GENERATE_INFOPLIST_FILE = YES;
				INFOPLIST_FILE = Shelves/Info.plist;
				INFOPLIST_KEY_UIApplicationSupportsIndirectInputEvents = YES;
				INFOPLIST_KEY_UILaunchStoryboardName = LaunchScreen;
				INFOPLIST_KEY_UISupportedInterfaceOrientations = UIInterfaceOrientationPortrait;
				INFOPLIST_KEY_UISupportedInterfaceOrientations_iPad = "UIInterfaceOrientationLandscapeLeft UIInterfaceOrientationLandscapeRight UIInterfaceOrientationPortrait UIInterfaceOrientationPortraitUpsideDown";
				IPHONEOS_DEPLOYMENT_TARGET = 15.0;
				LD_RUNPATH_SEARCH_PATHS = (
					"$(inherited)",
					"@executable_path/Frameworks",
				);
				MARKETING_VERSION = 1.0;
				PRODUCT_BUNDLE_IDENTIFIER = com.tikh.Shelves;
				PRODUCT_NAME = "$(TARGET_NAME)";
				SUPPORTED_PLATFORMS = "iphoneos iphonesimulator";
				SUPPORTS_MACCATALYST = NO;
				SUPPORTS_MAC_DESIGNED_FOR_IPHONE_IPAD = NO;
				SWIFT_EMIT_LOC_STRINGS = YES;
				SWIFT_VERSION = 5.0;
				TARGETED_DEVICE_FAMILY = 1;
			};
			name = Debug;
		};
		B913DF172AAF4DB200A41519 /* Release */ = {
			isa = XCBuildConfiguration;
			buildSettings = {
				ASSETCATALOG_COMPILER_APPICON_NAME = AppIcon;
				ASSETCATALOG_COMPILER_GLOBAL_ACCENT_COLOR_NAME = AccentColor;
				CODE_SIGN_STYLE = Automatic;
				CURRENT_PROJECT_VERSION = 1;
				DEVELOPMENT_TEAM = "";
				GENERATE_INFOPLIST_FILE = YES;
				INFOPLIST_FILE = Shelves/Info.plist;
				INFOPLIST_KEY_UIApplicationSupportsIndirectInputEvents = YES;
				INFOPLIST_KEY_UILaunchStoryboardName = LaunchScreen;
				INFOPLIST_KEY_UISupportedInterfaceOrientations = UIInterfaceOrientationPortrait;
				INFOPLIST_KEY_UISupportedInterfaceOrientations_iPad = "UIInterfaceOrientationLandscapeLeft UIInterfaceOrientationLandscapeRight UIInterfaceOrientationPortrait UIInterfaceOrientationPortraitUpsideDown";
				IPHONEOS_DEPLOYMENT_TARGET = 15.0;
				LD_RUNPATH_SEARCH_PATHS = (
					"$(inherited)",
					"@executable_path/Frameworks",
				);
				MARKETING_VERSION = 1.0;
				PRODUCT_BUNDLE_IDENTIFIER = com.tikh.Shelves;
				PRODUCT_NAME = "$(TARGET_NAME)";
				SUPPORTED_PLATFORMS = "iphoneos iphonesimulator";
				SUPPORTS_MACCATALYST = NO;
				SUPPORTS_MAC_DESIGNED_FOR_IPHONE_IPAD = NO;
				SWIFT_EMIT_LOC_STRINGS = YES;
				SWIFT_VERSION = 5.0;
				TARGETED_DEVICE_FAMILY = 1;
			};
			name = Release;
		};
/* End XCBuildConfiguration section */

/* Begin XCConfigurationList section */
		B913DEFC2AAF4DB100A41519 /* Build configuration list for PBXProject "Shelves" */ = {
			isa = XCConfigurationList;
			buildConfigurations = (
				B913DF132AAF4DB200A41519 /* Debug */,
				B913DF142AAF4DB200A41519 /* Release */,
			);
			defaultConfigurationIsVisible = 0;
			defaultConfigurationName = Release;
		};
		B913DF152AAF4DB200A41519 /* Build configuration list for PBXNativeTarget "Shelves" */ = {
			isa = XCConfigurationList;
			buildConfigurations = (
				B913DF162AAF4DB200A41519 /* Debug */,
				B913DF172AAF4DB200A41519 /* Release */,
			);
			defaultConfigurationIsVisible = 0;
			defaultConfigurationName = Release;
		};
/* End XCConfigurationList section */

/* Begin XCRemoteSwiftPackageReference section */
		B913DF1A2AAF534000A41519 /* XCRemoteSwiftPackageReference "SnapKit" */ = {
			isa = XCRemoteSwiftPackageReference;
			repositoryURL = "https://github.com/SnapKit/SnapKit";
			requirement = {
				kind = upToNextMajorVersion;
				minimumVersion = 5.0.0;
			};
		};
		B9A4A6872AB4F58500C62E99 /* XCRemoteSwiftPackageReference "firebase-ios-sdk" */ = {
			isa = XCRemoteSwiftPackageReference;
			repositoryURL = "https://github.com/firebase/firebase-ios-sdk";
			requirement = {
				kind = upToNextMajorVersion;
				minimumVersion = 10.0.0;
			};
		};
/* End XCRemoteSwiftPackageReference section */

/* Begin XCSwiftPackageProductDependency section */
		B913DF1B2AAF534000A41519 /* SnapKit-Dynamic */ = {
			isa = XCSwiftPackageProductDependency;
			package = B913DF1A2AAF534000A41519 /* XCRemoteSwiftPackageReference "SnapKit" */;
			productName = "SnapKit-Dynamic";
		};
		B9A4A6882AB4F58600C62E99 /* FirebaseAuth */ = {
			isa = XCSwiftPackageProductDependency;
			package = B9A4A6872AB4F58500C62E99 /* XCRemoteSwiftPackageReference "firebase-ios-sdk" */;
			productName = FirebaseAuth;
		};
/* End XCSwiftPackageProductDependency section */
	};
	rootObject = B913DEF92AAF4DB100A41519 /* Project object */;
}
